// !$*UTF8*$!
{
	archiveVersion = 1;
	classes = {
	};
	objectVersion = 56;
	objects = {

/* Begin PBXBuildFile section */
		942504332AE5642B00FA7CEF /* PlayerView.swift in Sources */ = {isa = PBXBuildFile; fileRef = 942504322AE5642B00FA7CEF /* PlayerView.swift */; };
		942504352AE5647E00FA7CEF /* PlayerContainerView.swift in Sources */ = {isa = PBXBuildFile; fileRef = 942504342AE5647E00FA7CEF /* PlayerContainerView.swift */; };
		942504382AE564B000FA7CEF /* ContentViewModel.swift in Sources */ = {isa = PBXBuildFile; fileRef = 942504372AE564B000FA7CEF /* ContentViewModel.swift */; };
		9425043B2AE5694300FA7CEF /* EmbeddedColorWell.swift in Sources */ = {isa = PBXBuildFile; fileRef = 9425043A2AE5694300FA7CEF /* EmbeddedColorWell.swift */; };
		9425043D2AE5719700FA7CEF /* CapturePhotoDelegate.swift in Sources */ = {isa = PBXBuildFile; fileRef = 9425043C2AE5719700FA7CEF /* CapturePhotoDelegate.swift */; };
		94410DC92AE5611200BBCAC4 /* gumdropApp.swift in Sources */ = {isa = PBXBuildFile; fileRef = 94410DC82AE5611200BBCAC4 /* gumdropApp.swift */; };
		94410DCB2AE5611200BBCAC4 /* ContentView.swift in Sources */ = {isa = PBXBuildFile; fileRef = 94410DCA2AE5611200BBCAC4 /* ContentView.swift */; };
		94410DCD2AE5611400BBCAC4 /* Assets.xcassets in Resources */ = {isa = PBXBuildFile; fileRef = 94410DCC2AE5611400BBCAC4 /* Assets.xcassets */; };
		94410DDB2AE5611400BBCAC4 /* gumdropTests.swift in Sources */ = {isa = PBXBuildFile; fileRef = 94410DDA2AE5611400BBCAC4 /* gumdropTests.swift */; };
		94410DE52AE5611400BBCAC4 /* gumdropUITests.swift in Sources */ = {isa = PBXBuildFile; fileRef = 94410DE42AE5611400BBCAC4 /* gumdropUITests.swift */; };
		94410DE72AE5611400BBCAC4 /* gumdropUITestsLaunchTests.swift in Sources */ = {isa = PBXBuildFile; fileRef = 94410DE62AE5611400BBCAC4 /* gumdropUITestsLaunchTests.swift */; };
/* End PBXBuildFile section */

/* Begin PBXContainerItemProxy section */
		94410DD72AE5611400BBCAC4 /* PBXContainerItemProxy */ = {
			isa = PBXContainerItemProxy;
			containerPortal = 94410DBD2AE5611200BBCAC4 /* Project object */;
			proxyType = 1;
			remoteGlobalIDString = 94410DC42AE5611200BBCAC4;
			remoteInfo = gumdrop;
		};
		94410DE12AE5611400BBCAC4 /* PBXContainerItemProxy */ = {
			isa = PBXContainerItemProxy;
			containerPortal = 94410DBD2AE5611200BBCAC4 /* Project object */;
			proxyType = 1;
			remoteGlobalIDString = 94410DC42AE5611200BBCAC4;
			remoteInfo = gumdrop;
		};
/* End PBXContainerItemProxy section */

/* Begin PBXFileReference section */
		942504322AE5642B00FA7CEF /* PlayerView.swift */ = {isa = PBXFileReference; lastKnownFileType = sourcecode.swift; path = PlayerView.swift; sourceTree = "<group>"; };
		942504342AE5647E00FA7CEF /* PlayerContainerView.swift */ = {isa = PBXFileReference; lastKnownFileType = sourcecode.swift; path = PlayerContainerView.swift; sourceTree = "<group>"; };
		942504372AE564B000FA7CEF /* ContentViewModel.swift */ = {isa = PBXFileReference; lastKnownFileType = sourcecode.swift; path = ContentViewModel.swift; sourceTree = "<group>"; };
		942504392AE5653B00FA7CEF /* Info.plist */ = {isa = PBXFileReference; lastKnownFileType = text.plist; path = Info.plist; sourceTree = "<group>"; };
		9425043A2AE5694300FA7CEF /* EmbeddedColorWell.swift */ = {isa = PBXFileReference; lastKnownFileType = sourcecode.swift; path = EmbeddedColorWell.swift; sourceTree = "<group>"; };
		9425043C2AE5719700FA7CEF /* CapturePhotoDelegate.swift */ = {isa = PBXFileReference; lastKnownFileType = sourcecode.swift; path = CapturePhotoDelegate.swift; sourceTree = "<group>"; };
		94410DC52AE5611200BBCAC4 /* gumdrop.app */ = {isa = PBXFileReference; explicitFileType = wrapper.application; includeInIndex = 0; path = gumdrop.app; sourceTree = BUILT_PRODUCTS_DIR; };
		94410DC82AE5611200BBCAC4 /* gumdropApp.swift */ = {isa = PBXFileReference; lastKnownFileType = sourcecode.swift; path = gumdropApp.swift; sourceTree = "<group>"; };
		94410DCA2AE5611200BBCAC4 /* ContentView.swift */ = {isa = PBXFileReference; lastKnownFileType = sourcecode.swift; path = ContentView.swift; sourceTree = "<group>"; };
		94410DCC2AE5611400BBCAC4 /* Assets.xcassets */ = {isa = PBXFileReference; lastKnownFileType = folder.assetcatalog; path = Assets.xcassets; sourceTree = "<group>"; };
		94410DD12AE5611400BBCAC4 /* gumdrop.entitlements */ = {isa = PBXFileReference; lastKnownFileType = text.plist.entitlements; path = gumdrop.entitlements; sourceTree = "<group>"; };
		94410DD62AE5611400BBCAC4 /* gumdropTests.xctest */ = {isa = PBXFileReference; explicitFileType = wrapper.cfbundle; includeInIndex = 0; path = gumdropTests.xctest; sourceTree = BUILT_PRODUCTS_DIR; };
		94410DDA2AE5611400BBCAC4 /* gumdropTests.swift */ = {isa = PBXFileReference; lastKnownFileType = sourcecode.swift; path = gumdropTests.swift; sourceTree = "<group>"; };
		94410DE02AE5611400BBCAC4 /* gumdropUITests.xctest */ = {isa = PBXFileReference; explicitFileType = wrapper.cfbundle; includeInIndex = 0; path = gumdropUITests.xctest; sourceTree = BUILT_PRODUCTS_DIR; };
		94410DE42AE5611400BBCAC4 /* gumdropUITests.swift */ = {isa = PBXFileReference; lastKnownFileType = sourcecode.swift; path = gumdropUITests.swift; sourceTree = "<group>"; };
		94410DE62AE5611400BBCAC4 /* gumdropUITestsLaunchTests.swift */ = {isa = PBXFileReference; lastKnownFileType = sourcecode.swift; path = gumdropUITestsLaunchTests.swift; sourceTree = "<group>"; };
/* End PBXFileReference section */

/* Begin PBXFrameworksBuildPhase section */
		94410DC22AE5611200BBCAC4 /* Frameworks */ = {
			isa = PBXFrameworksBuildPhase;
			buildActionMask = 2147483647;
			files = (
			);
			runOnlyForDeploymentPostprocessing = 0;
		};
		94410DD32AE5611400BBCAC4 /* Frameworks */ = {
			isa = PBXFrameworksBuildPhase;
			buildActionMask = 2147483647;
			files = (
			);
			runOnlyForDeploymentPostprocessing = 0;
		};
		94410DDD2AE5611400BBCAC4 /* Frameworks */ = {
			isa = PBXFrameworksBuildPhase;
			buildActionMask = 2147483647;
			files = (
			);
			runOnlyForDeploymentPostprocessing = 0;
		};
/* End PBXFrameworksBuildPhase section */

/* Begin PBXGroup section */
		942504362AE5649500FA7CEF /* Views */ = {
			isa = PBXGroup;
			children = (
				942504372AE564B000FA7CEF /* ContentViewModel.swift */,
				942504322AE5642B00FA7CEF /* PlayerView.swift */,
				942504342AE5647E00FA7CEF /* PlayerContainerView.swift */,
				9425043A2AE5694300FA7CEF /* EmbeddedColorWell.swift */,
			);
			path = Views;
			sourceTree = "<group>";
		};
		94410DBC2AE5611200BBCAC4 = {
			isa = PBXGroup;
			children = (
				94410DC72AE5611200BBCAC4 /* gumdrop */,
				94410DD92AE5611400BBCAC4 /* gumdropTests */,
				94410DE32AE5611400BBCAC4 /* gumdropUITests */,
				94410DC62AE5611200BBCAC4 /* Products */,
			);
			sourceTree = "<group>";
		};
		94410DC62AE5611200BBCAC4 /* Products */ = {
			isa = PBXGroup;
			children = (
				94410DC52AE5611200BBCAC4 /* gumdrop.app */,
				94410DD62AE5611400BBCAC4 /* gumdropTests.xctest */,
				94410DE02AE5611400BBCAC4 /* gumdropUITests.xctest */,
			);
			name = Products;
			sourceTree = "<group>";
		};
		94410DC72AE5611200BBCAC4 /* gumdrop */ = {
			isa = PBXGroup;
			children = (
				942504392AE5653B00FA7CEF /* Info.plist */,
				94410DC82AE5611200BBCAC4 /* gumdropApp.swift */,
				94410DCA2AE5611200BBCAC4 /* ContentView.swift */,
				94410DCC2AE5611400BBCAC4 /* Assets.xcassets */,
				94410DD12AE5611400BBCAC4 /* gumdrop.entitlements */,
				942504362AE5649500FA7CEF /* Views */,
				9425043C2AE5719700FA7CEF /* CapturePhotoDelegate.swift */,
			);
			path = gumdrop;
			sourceTree = "<group>";
		};
		94410DD92AE5611400BBCAC4 /* gumdropTests */ = {
			isa = PBXGroup;
			children = (
				94410DDA2AE5611400BBCAC4 /* gumdropTests.swift */,
			);
			path = gumdropTests;
			sourceTree = "<group>";
		};
		94410DE32AE5611400BBCAC4 /* gumdropUITests */ = {
			isa = PBXGroup;
			children = (
				94410DE42AE5611400BBCAC4 /* gumdropUITests.swift */,
				94410DE62AE5611400BBCAC4 /* gumdropUITestsLaunchTests.swift */,
			);
			path = gumdropUITests;
			sourceTree = "<group>";
		};
/* End PBXGroup section */

/* Begin PBXNativeTarget section */
		94410DC42AE5611200BBCAC4 /* gumdrop */ = {
			isa = PBXNativeTarget;
			buildConfigurationList = 94410DEA2AE5611400BBCAC4 /* Build configuration list for PBXNativeTarget "gumdrop" */;
			buildPhases = (
				94410DC12AE5611200BBCAC4 /* Sources */,
				94410DC22AE5611200BBCAC4 /* Frameworks */,
				94410DC32AE5611200BBCAC4 /* Resources */,
			);
			buildRules = (
			);
			dependencies = (
			);
			name = gumdrop;
			productName = gumdrop;
			productReference = 94410DC52AE5611200BBCAC4 /* gumdrop.app */;
			productType = "com.apple.product-type.application";
		};
		94410DD52AE5611400BBCAC4 /* gumdropTests */ = {
			isa = PBXNativeTarget;
			buildConfigurationList = 94410DED2AE5611400BBCAC4 /* Build configuration list for PBXNativeTarget "gumdropTests" */;
			buildPhases = (
				94410DD22AE5611400BBCAC4 /* Sources */,
				94410DD32AE5611400BBCAC4 /* Frameworks */,
				94410DD42AE5611400BBCAC4 /* Resources */,
			);
			buildRules = (
			);
			dependencies = (
				94410DD82AE5611400BBCAC4 /* PBXTargetDependency */,
			);
			name = gumdropTests;
			productName = gumdropTests;
			productReference = 94410DD62AE5611400BBCAC4 /* gumdropTests.xctest */;
			productType = "com.apple.product-type.bundle.unit-test";
		};
		94410DDF2AE5611400BBCAC4 /* gumdropUITests */ = {
			isa = PBXNativeTarget;
			buildConfigurationList = 94410DF02AE5611400BBCAC4 /* Build configuration list for PBXNativeTarget "gumdropUITests" */;
			buildPhases = (
				94410DDC2AE5611400BBCAC4 /* Sources */,
				94410DDD2AE5611400BBCAC4 /* Frameworks */,
				94410DDE2AE5611400BBCAC4 /* Resources */,
			);
			buildRules = (
			);
			dependencies = (
				94410DE22AE5611400BBCAC4 /* PBXTargetDependency */,
			);
			name = gumdropUITests;
			productName = gumdropUITests;
			productReference = 94410DE02AE5611400BBCAC4 /* gumdropUITests.xctest */;
			productType = "com.apple.product-type.bundle.ui-testing";
		};
/* End PBXNativeTarget section */

/* Begin PBXProject section */
		94410DBD2AE5611200BBCAC4 /* Project object */ = {
			isa = PBXProject;
			attributes = {
				BuildIndependentTargetsInParallel = 1;
				LastSwiftUpdateCheck = 1430;
				LastUpgradeCheck = 1430;
				TargetAttributes = {
					94410DC42AE5611200BBCAC4 = {
						CreatedOnToolsVersion = 14.3.1;
					};
					94410DD52AE5611400BBCAC4 = {
						CreatedOnToolsVersion = 14.3.1;
						TestTargetID = 94410DC42AE5611200BBCAC4;
					};
					94410DDF2AE5611400BBCAC4 = {
						CreatedOnToolsVersion = 14.3.1;
						TestTargetID = 94410DC42AE5611200BBCAC4;
					};
				};
			};
			buildConfigurationList = 94410DC02AE5611200BBCAC4 /* Build configuration list for PBXProject "gumdrop" */;
			compatibilityVersion = "Xcode 14.0";
			developmentRegion = en;
			hasScannedForEncodings = 0;
			knownRegions = (
				en,
				Base,
			);
			mainGroup = 94410DBC2AE5611200BBCAC4;
			productRefGroup = 94410DC62AE5611200BBCAC4 /* Products */;
			projectDirPath = "";
			projectRoot = "";
			targets = (
				94410DC42AE5611200BBCAC4 /* gumdrop */,
				94410DD52AE5611400BBCAC4 /* gumdropTests */,
				94410DDF2AE5611400BBCAC4 /* gumdropUITests */,
			);
		};
/* End PBXProject section */

/* Begin PBXResourcesBuildPhase section */
		94410DC32AE5611200BBCAC4 /* Resources */ = {
			isa = PBXResourcesBuildPhase;
			buildActionMask = 2147483647;
			files = (
				94410DCD2AE5611400BBCAC4 /* Assets.xcassets in Resources */,
			);
			runOnlyForDeploymentPostprocessing = 0;
		};
		94410DD42AE5611400BBCAC4 /* Resources */ = {
			isa = PBXResourcesBuildPhase;
			buildActionMask = 2147483647;
			files = (
			);
			runOnlyForDeploymentPostprocessing = 0;
		};
		94410DDE2AE5611400BBCAC4 /* Resources */ = {
			isa = PBXResourcesBuildPhase;
			buildActionMask = 2147483647;
			files = (
			);
			runOnlyForDeploymentPostprocessing = 0;
		};
/* End PBXResourcesBuildPhase section */

/* Begin PBXSourcesBuildPhase section */
		94410DC12AE5611200BBCAC4 /* Sources */ = {
			isa = PBXSourcesBuildPhase;
			buildActionMask = 2147483647;
			files = (
				942504332AE5642B00FA7CEF /* PlayerView.swift in Sources */,
				9425043B2AE5694300FA7CEF /* EmbeddedColorWell.swift in Sources */,
				94410DCB2AE5611200BBCAC4 /* ContentView.swift in Sources */,
				94410DC92AE5611200BBCAC4 /* gumdropApp.swift in Sources */,
				942504352AE5647E00FA7CEF /* PlayerContainerView.swift in Sources */,
				9425043D2AE5719700FA7CEF /* CapturePhotoDelegate.swift in Sources */,
				942504382AE564B000FA7CEF /* ContentViewModel.swift in Sources */,
			);
			runOnlyForDeploymentPostprocessing = 0;
		};
		94410DD22AE5611400BBCAC4 /* Sources */ = {
			isa = PBXSourcesBuildPhase;
			buildActionMask = 2147483647;
			files = (
				94410DDB2AE5611400BBCAC4 /* gumdropTests.swift in Sources */,
			);
			runOnlyForDeploymentPostprocessing = 0;
		};
		94410DDC2AE5611400BBCAC4 /* Sources */ = {
			isa = PBXSourcesBuildPhase;
			buildActionMask = 2147483647;
			files = (
				94410DE52AE5611400BBCAC4 /* gumdropUITests.swift in Sources */,
				94410DE72AE5611400BBCAC4 /* gumdropUITestsLaunchTests.swift in Sources */,
			);
			runOnlyForDeploymentPostprocessing = 0;
		};
/* End PBXSourcesBuildPhase section */

/* Begin PBXTargetDependency section */
		94410DD82AE5611400BBCAC4 /* PBXTargetDependency */ = {
			isa = PBXTargetDependency;
			target = 94410DC42AE5611200BBCAC4 /* gumdrop */;
			targetProxy = 94410DD72AE5611400BBCAC4 /* PBXContainerItemProxy */;
		};
		94410DE22AE5611400BBCAC4 /* PBXTargetDependency */ = {
			isa = PBXTargetDependency;
			target = 94410DC42AE5611200BBCAC4 /* gumdrop */;
			targetProxy = 94410DE12AE5611400BBCAC4 /* PBXContainerItemProxy */;
		};
/* End PBXTargetDependency section */

/* Begin XCBuildConfiguration section */
		94410DE82AE5611400BBCAC4 /* Debug */ = {
			isa = XCBuildConfiguration;
			buildSettings = {
				ALWAYS_SEARCH_USER_PATHS = NO;
				CLANG_ANALYZER_NONNULL = YES;
				CLANG_ANALYZER_NUMBER_OBJECT_CONVERSION = YES_AGGRESSIVE;
				CLANG_CXX_LANGUAGE_STANDARD = "gnu++20";
				CLANG_ENABLE_MODULES = YES;
				CLANG_ENABLE_OBJC_ARC = YES;
				CLANG_ENABLE_OBJC_WEAK = YES;
				CLANG_WARN_BLOCK_CAPTURE_AUTORELEASING = YES;
				CLANG_WARN_BOOL_CONVERSION = YES;
				CLANG_WARN_COMMA = YES;
				CLANG_WARN_CONSTANT_CONVERSION = YES;
				CLANG_WARN_DEPRECATED_OBJC_IMPLEMENTATIONS = YES;
				CLANG_WARN_DIRECT_OBJC_ISA_USAGE = YES_ERROR;
				CLANG_WARN_DOCUMENTATION_COMMENTS = YES;
				CLANG_WARN_EMPTY_BODY = YES;
				CLANG_WARN_ENUM_CONVERSION = YES;
				CLANG_WARN_INFINITE_RECURSION = YES;
				CLANG_WARN_INT_CONVERSION = YES;
				CLANG_WARN_NON_LITERAL_NULL_CONVERSION = YES;
				CLANG_WARN_OBJC_IMPLICIT_RETAIN_SELF = YES;
				CLANG_WARN_OBJC_LITERAL_CONVERSION = YES;
				CLANG_WARN_OBJC_ROOT_CLASS = YES_ERROR;
				CLANG_WARN_QUOTED_INCLUDE_IN_FRAMEWORK_HEADER = YES;
				CLANG_WARN_RANGE_LOOP_ANALYSIS = YES;
				CLANG_WARN_STRICT_PROTOTYPES = YES;
				CLANG_WARN_SUSPICIOUS_MOVE = YES;
				CLANG_WARN_UNGUARDED_AVAILABILITY = YES_AGGRESSIVE;
				CLANG_WARN_UNREACHABLE_CODE = YES;
				CLANG_WARN__DUPLICATE_METHOD_MATCH = YES;
				COPY_PHASE_STRIP = NO;
				DEBUG_INFORMATION_FORMAT = dwarf;
				ENABLE_STRICT_OBJC_MSGSEND = YES;
				ENABLE_TESTABILITY = YES;
				GCC_C_LANGUAGE_STANDARD = gnu11;
				GCC_DYNAMIC_NO_PIC = NO;
				GCC_NO_COMMON_BLOCKS = YES;
				GCC_OPTIMIZATION_LEVEL = 0;
				GCC_PREPROCESSOR_DEFINITIONS = (
					"DEBUG=1",
					"$(inherited)",
				);
				GCC_WARN_64_TO_32_BIT_CONVERSION = YES;
				GCC_WARN_ABOUT_RETURN_TYPE = YES_ERROR;
				GCC_WARN_UNDECLARED_SELECTOR = YES;
				GCC_WARN_UNINITIALIZED_AUTOS = YES_AGGRESSIVE;
				GCC_WARN_UNUSED_FUNCTION = YES;
				GCC_WARN_UNUSED_VARIABLE = YES;
				MACOSX_DEPLOYMENT_TARGET = 13.3;
				MTL_ENABLE_DEBUG_INFO = INCLUDE_SOURCE;
				MTL_FAST_MATH = YES;
				ONLY_ACTIVE_ARCH = YES;
				SDKROOT = macosx;
				SWIFT_ACTIVE_COMPILATION_CONDITIONS = DEBUG;
				SWIFT_OPTIMIZATION_LEVEL = "-Onone";
			};
			name = Debug;
		};
		94410DE92AE5611400BBCAC4 /* Release */ = {
			isa = XCBuildConfiguration;
			buildSettings = {
				ALWAYS_SEARCH_USER_PATHS = NO;
				CLANG_ANALYZER_NONNULL = YES;
				CLANG_ANALYZER_NUMBER_OBJECT_CONVERSION = YES_AGGRESSIVE;
				CLANG_CXX_LANGUAGE_STANDARD = "gnu++20";
				CLANG_ENABLE_MODULES = YES;
				CLANG_ENABLE_OBJC_ARC = YES;
				CLANG_ENABLE_OBJC_WEAK = YES;
				CLANG_WARN_BLOCK_CAPTURE_AUTORELEASING = YES;
				CLANG_WARN_BOOL_CONVERSION = YES;
				CLANG_WARN_COMMA = YES;
				CLANG_WARN_CONSTANT_CONVERSION = YES;
				CLANG_WARN_DEPRECATED_OBJC_IMPLEMENTATIONS = YES;
				CLANG_WARN_DIRECT_OBJC_ISA_USAGE = YES_ERROR;
				CLANG_WARN_DOCUMENTATION_COMMENTS = YES;
				CLANG_WARN_EMPTY_BODY = YES;
				CLANG_WARN_ENUM_CONVERSION = YES;
				CLANG_WARN_INFINITE_RECURSION = YES;
				CLANG_WARN_INT_CONVERSION = YES;
				CLANG_WARN_NON_LITERAL_NULL_CONVERSION = YES;
				CLANG_WARN_OBJC_IMPLICIT_RETAIN_SELF = YES;
				CLANG_WARN_OBJC_LITERAL_CONVERSION = YES;
				CLANG_WARN_OBJC_ROOT_CLASS = YES_ERROR;
				CLANG_WARN_QUOTED_INCLUDE_IN_FRAMEWORK_HEADER = YES;
				CLANG_WARN_RANGE_LOOP_ANALYSIS = YES;
				CLANG_WARN_STRICT_PROTOTYPES = YES;
				CLANG_WARN_SUSPICIOUS_MOVE = YES;
				CLANG_WARN_UNGUARDED_AVAILABILITY = YES_AGGRESSIVE;
				CLANG_WARN_UNREACHABLE_CODE = YES;
				CLANG_WARN__DUPLICATE_METHOD_MATCH = YES;
				COPY_PHASE_STRIP = NO;
				DEBUG_INFORMATION_FORMAT = "dwarf-with-dsym";
				ENABLE_NS_ASSERTIONS = NO;
				ENABLE_STRICT_OBJC_MSGSEND = YES;
				GCC_C_LANGUAGE_STANDARD = gnu11;
				GCC_NO_COMMON_BLOCKS = YES;
				GCC_WARN_64_TO_32_BIT_CONVERSION = YES;
				GCC_WARN_ABOUT_RETURN_TYPE = YES_ERROR;
				GCC_WARN_UNDECLARED_SELECTOR = YES;
				GCC_WARN_UNINITIALIZED_AUTOS = YES_AGGRESSIVE;
				GCC_WARN_UNUSED_FUNCTION = YES;
				GCC_WARN_UNUSED_VARIABLE = YES;
				MACOSX_DEPLOYMENT_TARGET = 13.3;
				MTL_ENABLE_DEBUG_INFO = NO;
				MTL_FAST_MATH = YES;
				SDKROOT = macosx;
				SWIFT_COMPILATION_MODE = wholemodule;
				SWIFT_OPTIMIZATION_LEVEL = "-O";
			};
			name = Release;
		};
		94410DEB2AE5611400BBCAC4 /* Debug */ = {
			isa = XCBuildConfiguration;
			buildSettings = {
				ASSETCATALOG_COMPILER_APPICON_NAME = AppIcon;
				ASSETCATALOG_COMPILER_GLOBAL_ACCENT_COLOR_NAME = AccentColor;
				CODE_SIGN_ENTITLEMENTS = gumdrop/gumdrop.entitlements;
				CODE_SIGN_STYLE = Automatic;
				COMBINE_HIDPI_IMAGES = YES;
				CURRENT_PROJECT_VERSION = 1;
				DEVELOPMENT_TEAM = BHMT2FFKWV;
				ENABLE_HARDENED_RUNTIME = YES;
				ENABLE_PREVIEWS = YES;
				GENERATE_INFOPLIST_FILE = YES;
				INFOPLIST_FILE = gumdrop/Info.plist;
				INFOPLIST_KEY_NSCameraUsageDescription = "Gumdrop needs camera permission to show pictures from your webcam.";
				INFOPLIST_KEY_NSHumanReadableCopyright = "";
				INFOPLIST_KEY_NSPhotoLibraryAddUsageDescription = "Gumdrop needs to be able to save photos to your Photos Library.";
				LD_RUNPATH_SEARCH_PATHS = (
					"$(inherited)",
					"@executable_path/../Frameworks",
				);
				MARKETING_VERSION = 1.0;
				PRODUCT_BUNDLE_IDENTIFIER = net.alexwlchan.gumdrop;
				PRODUCT_NAME = "$(TARGET_NAME)";
				SWIFT_EMIT_LOC_STRINGS = YES;
				SWIFT_VERSION = 5.0;
			};
			name = Debug;
		};
		94410DEC2AE5611400BBCAC4 /* Release */ = {
			isa = XCBuildConfiguration;
			buildSettings = {
				ASSETCATALOG_COMPILER_APPICON_NAME = AppIcon;
				ASSETCATALOG_COMPILER_GLOBAL_ACCENT_COLOR_NAME = AccentColor;
				CODE_SIGN_ENTITLEMENTS = gumdrop/gumdrop.entitlements;
				CODE_SIGN_STYLE = Automatic;
				COMBINE_HIDPI_IMAGES = YES;
				CURRENT_PROJECT_VERSION = 1;
				DEVELOPMENT_TEAM = BHMT2FFKWV;
				ENABLE_HARDENED_RUNTIME = YES;
				ENABLE_PREVIEWS = YES;
				GENERATE_INFOPLIST_FILE = YES;
				INFOPLIST_FILE = gumdrop/Info.plist;
				INFOPLIST_KEY_NSCameraUsageDescription = "Gumdrop needs camera permission to show pictures from your webcam.";
				INFOPLIST_KEY_NSHumanReadableCopyright = "";
				INFOPLIST_KEY_NSPhotoLibraryAddUsageDescription = "Gumdrop needs to be able to save photos to your Photos Library.";
				LD_RUNPATH_SEARCH_PATHS = (
					"$(inherited)",
					"@executable_path/../Frameworks",
				);
				MARKETING_VERSION = 1.0;
				PRODUCT_BUNDLE_IDENTIFIER = net.alexwlchan.gumdrop;
				PRODUCT_NAME = "$(TARGET_NAME)";
				SWIFT_EMIT_LOC_STRINGS = YES;
				SWIFT_VERSION = 5.0;
			};
			name = Release;
		};
		94410DEE2AE5611400BBCAC4 /* Debug */ = {
			isa = XCBuildConfiguration;
			buildSettings = {
				ALWAYS_EMBED_SWIFT_STANDARD_LIBRARIES = YES;
				BUNDLE_LOADER = "$(TEST_HOST)";
				CODE_SIGN_STYLE = Automatic;
				CURRENT_PROJECT_VERSION = 1;
				DEVELOPMENT_TEAM = BHMT2FFKWV;
				GENERATE_INFOPLIST_FILE = YES;
				MACOSX_DEPLOYMENT_TARGET = 13.3;
				MARKETING_VERSION = 1.0;
				PRODUCT_BUNDLE_IDENTIFIER = net.alexwlchan.gumdropTests;
				PRODUCT_NAME = "$(TARGET_NAME)";
				SWIFT_EMIT_LOC_STRINGS = NO;
				SWIFT_VERSION = 5.0;
				TEST_HOST = "$(BUILT_PRODUCTS_DIR)/gumdrop.app/$(BUNDLE_EXECUTABLE_FOLDER_PATH)/gumdrop";
			};
			name = Debug;
		};
		94410DEF2AE5611400BBCAC4 /* Release */ = {
			isa = XCBuildConfiguration;
			buildSettings = {
				ALWAYS_EMBED_SWIFT_STANDARD_LIBRARIES = YES;
				BUNDLE_LOADER = "$(TEST_HOST)";
				CODE_SIGN_STYLE = Automatic;
				CURRENT_PROJECT_VERSION = 1;
				DEVELOPMENT_TEAM = BHMT2FFKWV;
				GENERATE_INFOPLIST_FILE = YES;
				MACOSX_DEPLOYMENT_TARGET = 13.3;
				MARKETING_VERSION = 1.0;
				PRODUCT_BUNDLE_IDENTIFIER = net.alexwlchan.gumdropTests;
				PRODUCT_NAME = "$(TARGET_NAME)";
				SWIFT_EMIT_LOC_STRINGS = NO;
				SWIFT_VERSION = 5.0;
				TEST_HOST = "$(BUILT_PRODUCTS_DIR)/gumdrop.app/$(BUNDLE_EXECUTABLE_FOLDER_PATH)/gumdrop";
			};
			name = Release;
		};
		94410DF12AE5611400BBCAC4 /* Debug */ = {
			isa = XCBuildConfiguration;
			buildSettings = {
				ALWAYS_EMBED_SWIFT_STANDARD_LIBRARIES = YES;
				CODE_SIGN_STYLE = Automatic;
				CURRENT_PROJECT_VERSION = 1;
				DEVELOPMENT_TEAM = BHMT2FFKWV;
				GENERATE_INFOPLIST_FILE = YES;
				MARKETING_VERSION = 1.0;
				PRODUCT_BUNDLE_IDENTIFIER = net.alexwlchan.gumdropUITests;
				PRODUCT_NAME = "$(TARGET_NAME)";
				SWIFT_EMIT_LOC_STRINGS = NO;
				SWIFT_VERSION = 5.0;
				TEST_TARGET_NAME = gumdrop;
			};
			name = Debug;
		};
		94410DF22AE5611400BBCAC4 /* Release */ = {
			isa = XCBuildConfiguration;
			buildSettings = {
				ALWAYS_EMBED_SWIFT_STANDARD_LIBRARIES = YES;
				CODE_SIGN_STYLE = Automatic;
				CURRENT_PROJECT_VERSION = 1;
				DEVELOPMENT_TEAM = BHMT2FFKWV;
				GENERATE_INFOPLIST_FILE = YES;
				MARKETING_VERSION = 1.0;
				PRODUCT_BUNDLE_IDENTIFIER = net.alexwlchan.gumdropUITests;
				PRODUCT_NAME = "$(TARGET_NAME)";
				SWIFT_EMIT_LOC_STRINGS = NO;
				SWIFT_VERSION = 5.0;
				TEST_TARGET_NAME = gumdrop;
			};
			name = Release;
		};
/* End XCBuildConfiguration section */

/* Begin XCConfigurationList section */
		94410DC02AE5611200BBCAC4 /* Build configuration list for PBXProject "gumdrop" */ = {
			isa = XCConfigurationList;
			buildConfigurations = (
				94410DE82AE5611400BBCAC4 /* Debug */,
				94410DE92AE5611400BBCAC4 /* Release */,
			);
			defaultConfigurationIsVisible = 0;
			defaultConfigurationName = Release;
		};
		94410DEA2AE5611400BBCAC4 /* Build configuration list for PBXNativeTarget "gumdrop" */ = {
			isa = XCConfigurationList;
			buildConfigurations = (
				94410DEB2AE5611400BBCAC4 /* Debug */,
				94410DEC2AE5611400BBCAC4 /* Release */,
			);
			defaultConfigurationIsVisible = 0;
			defaultConfigurationName = Release;
		};
		94410DED2AE5611400BBCAC4 /* Build configuration list for PBXNativeTarget "gumdropTests" */ = {
			isa = XCConfigurationList;
			buildConfigurations = (
				94410DEE2AE5611400BBCAC4 /* Debug */,
				94410DEF2AE5611400BBCAC4 /* Release */,
			);
			defaultConfigurationIsVisible = 0;
			defaultConfigurationName = Release;
		};
		94410DF02AE5611400BBCAC4 /* Build configuration list for PBXNativeTarget "gumdropUITests" */ = {
			isa = XCConfigurationList;
			buildConfigurations = (
				94410DF12AE5611400BBCAC4 /* Debug */,
				94410DF22AE5611400BBCAC4 /* Release */,
			);
			defaultConfigurationIsVisible = 0;
			defaultConfigurationName = Release;
		};
/* End XCConfigurationList section */
	};
	rootObject = 94410DBD2AE5611200BBCAC4 /* Project object */;
}
